
Microsoft Visual Studio Solution File, Format Version 12.00
# Visual Studio Version 16
VisualStudioVersion = 16.6.30114.105
MinimumVisualStudioVersion = 10.0.40219.1
Project("{2150E333-8FDC-42A3-9474-1A3956D46DE8}") = "APIGateway", "APIGateway", "{7EC5266A-475B-4F42-8FD3-1C47787E1421}"
EndProject
Project("{2150E333-8FDC-42A3-9474-1A3956D46DE8}") = "Customers", "Customers", "{EDBA2284-F3E5-4F72-954F-37B1EF58EA25}"
EndProject
Project("{2150E333-8FDC-42A3-9474-1A3956D46DE8}") = "Payments", "Payments", "{331C6E93-3E02-45F0-84E4-0AC723DDBC66}"
EndProject
Project("{2150E333-8FDC-42A3-9474-1A3956D46DE8}") = "Saga", "Saga", "{69D4EBDC-C57B-4368-8BCF-11427B8B229C}"
EndProject
Project("{2150E333-8FDC-42A3-9474-1A3956D46DE8}") = "Users", "Users", "{174E5F3D-3DF7-49CD-B562-DCE041007D28}"
EndProject
Project("{2150E333-8FDC-42A3-9474-1A3956D46DE8}") = "Wallets", "Wallets", "{451D460F-0F6F-47A7-B2D5-823CA9B1355E}"
EndProject
Project("{FAE04EC0-301F-11D3-BF4B-00C04F79EFBC}") = "Inflow.APIGateway", "src\APIGateway\Inflow.APIGateway\Inflow.APIGateway.csproj", "{69E4859B-69A3-497C-8A24-A152728673AD}"
EndProject
Project("{FAE04EC0-301F-11D3-BF4B-00C04F79EFBC}") = "Inflow.Services.Customers.Api", "src\Customers\Inflow.Services.Customers.Api\Inflow.Services.Customers.Api.csproj", "{E930A1CB-3C08-478F-B8CA-9D26C39FB886}"
EndProject
Project("{FAE04EC0-301F-11D3-BF4B-00C04F79EFBC}") = "Inflow.Services.Customers.Core", "src\Customers\Inflow.Services.Customers.Core\Inflow.Services.Customers.Core.csproj", "{F572E25B-3A24-45A1-8586-75F8205B1EE3}"
EndProject
Project("{FAE04EC0-301F-11D3-BF4B-00C04F79EFBC}") = "Inflow.Services.Payments.Api", "src\Payments\Inflow.Services.Payments.Api\Inflow.Services.Payments.Api.csproj", "{A3C1CEAD-A5B0-4B7C-88C5-4B0B31B5BFA0}"
EndProject
Project("{FAE04EC0-301F-11D3-BF4B-00C04F79EFBC}") = "Inflow.Services.Payments.Core", "src\Payments\Inflow.Services.Payments.Core\Inflow.Services.Payments.Core.csproj", "{7F012458-8E43-4B6E-9D01-6B19417627C8}"
EndProject
Project("{FAE04EC0-301F-11D3-BF4B-00C04F79EFBC}") = "Inflow.Services.Payments.Shared", "src\Payments\Inflow.Services.Payments.Shared\Inflow.Services.Payments.Shared.csproj", "{6A283B62-F0CD-4D10-900C-32650222D063}"
EndProject
Project("{FAE04EC0-301F-11D3-BF4B-00C04F79EFBC}") = "Inflow.Services.Users.Api", "src\Users\Inflow.Services.Users.Api\Inflow.Services.Users.Api.csproj", "{D438567E-2D8F-4CAB-8F3A-8E704B4FF1C5}"
EndProject
Project("{FAE04EC0-301F-11D3-BF4B-00C04F79EFBC}") = "Inflow.Services.Users.Core", "src\Users\Inflow.Services.Users.Core\Inflow.Services.Users.Core.csproj", "{04F98D21-A5DA-4BAE-97E8-570F97E53D8D}"
EndProject
Project("{FAE04EC0-301F-11D3-BF4B-00C04F79EFBC}") = "Inflow.Services.Wallets.Api", "src\Wallets\Inflow.Services.Wallets.Api\Inflow.Services.Wallets.Api.csproj", "{8ECDE789-6A1D-4FC7-A622-68B3F205C97C}"
EndProject
Project("{2150E333-8FDC-42A3-9474-1A3956D46DE8}") = "tests", "tests", "{2C886593-2323-446B-8E73-E0EDC6F57697}"
EndProject
Project("{FAE04EC0-301F-11D3-BF4B-00C04F79EFBC}") = "Inflow.Services.Wallets.Application", "src\Wallets\Inflow.Services.Wallets.Application\Inflow.Services.Wallets.Application.csproj", "{56D3738D-AF9C-4B1D-A0C5-0133D2F92C0F}"
EndProject
Project("{FAE04EC0-301F-11D3-BF4B-00C04F79EFBC}") = "Inflow.Services.Wallets.Core", "src\Wallets\Inflow.Services.Wallets.Core\Inflow.Services.Wallets.Core.csproj", "{432776E7-522F-4BBE-9F67-FEB62C8F9C73}"
EndProject
Project("{FAE04EC0-301F-11D3-BF4B-00C04F79EFBC}") = "Inflow.Services.Wallets.Infrastructure", "src\Wallets\Inflow.Services.Wallets.Infrastructure\Inflow.Services.Wallets.Infrastructure.csproj", "{07230D4C-40B2-47B6-81B1-EDC353C49197}"
EndProject
Project("{FAE04EC0-301F-11D3-BF4B-00C04F79EFBC}") = "Inflow.Services.Wallets.Tests.Unit", "src\Wallets\Inflow.Services.Wallets.Tests.Unit\Inflow.Services.Wallets.Tests.Unit.csproj", "{0966BC18-AB20-4429-9FF9-1C431426DB6F}"
EndProject
Project("{FAE04EC0-301F-11D3-BF4B-00C04F79EFBC}") = "Inflow.Services.Wallets.Tests.Integration", "src\Wallets\Inflow.Services.Wallets.Tests.Integration\Inflow.Services.Wallets.Tests.Integration.csproj", "{0A105345-7B25-4F56-B257-17C81AD0345E}"
EndProject
Project("{FAE04EC0-301F-11D3-BF4B-00C04F79EFBC}") = "Inflow.Services.Wallets.Tests.EndToEnd", "src\Wallets\Inflow.Services.Wallets.Tests.EndToEnd\Inflow.Services.Wallets.Tests.EndToEnd.csproj", "{AEA79ACD-71B8-4FB0-B964-1A8841A0E306}"
EndProject
Project("{FAE04EC0-301F-11D3-BF4B-00C04F79EFBC}") = "Inflow.Saga.Api", "src\Saga\Inflow.Saga.Api\Inflow.Saga.Api.csproj", "{9E709578-A7DA-402C-B803-D1DD5BB011C7}"
EndProject
Project("{FAE04EC0-301F-11D3-BF4B-00C04F79EFBC}") = "Inflow.Services.Wallets.Tests.Shared", "src\Wallets\Inflow.Services.Wallets.Tests.Shared\Inflow.Services.Wallets.Tests.Shared.csproj", "{A8C180BB-C1FF-413F-B24D-E7BFC96279E2}"
EndProject
Global
	GlobalSection(SolutionConfigurationPlatforms) = preSolution
		Debug|Any CPU = Debug|Any CPU
		Debug|x64 = Debug|x64
		Debug|x86 = Debug|x86
		Release|Any CPU = Release|Any CPU
		Release|x64 = Release|x64
		Release|x86 = Release|x86
	EndGlobalSection
	GlobalSection(SolutionProperties) = preSolution
		HideSolutionNode = FALSE
	EndGlobalSection
	GlobalSection(NestedProjects) = preSolution
		{69E4859B-69A3-497C-8A24-A152728673AD} = {7EC5266A-475B-4F42-8FD3-1C47787E1421}
		{E930A1CB-3C08-478F-B8CA-9D26C39FB886} = {EDBA2284-F3E5-4F72-954F-37B1EF58EA25}
		{F572E25B-3A24-45A1-8586-75F8205B1EE3} = {EDBA2284-F3E5-4F72-954F-37B1EF58EA25}
		{A3C1CEAD-A5B0-4B7C-88C5-4B0B31B5BFA0} = {331C6E93-3E02-45F0-84E4-0AC723DDBC66}
		{7F012458-8E43-4B6E-9D01-6B19417627C8} = {331C6E93-3E02-45F0-84E4-0AC723DDBC66}
		{6A283B62-F0CD-4D10-900C-32650222D063} = {331C6E93-3E02-45F0-84E4-0AC723DDBC66}
		{D438567E-2D8F-4CAB-8F3A-8E704B4FF1C5} = {174E5F3D-3DF7-49CD-B562-DCE041007D28}
		{04F98D21-A5DA-4BAE-97E8-570F97E53D8D} = {174E5F3D-3DF7-49CD-B562-DCE041007D28}
		{8ECDE789-6A1D-4FC7-A622-68B3F205C97C} = {451D460F-0F6F-47A7-B2D5-823CA9B1355E}
		{2C886593-2323-446B-8E73-E0EDC6F57697} = {451D460F-0F6F-47A7-B2D5-823CA9B1355E}
		{56D3738D-AF9C-4B1D-A0C5-0133D2F92C0F} = {451D460F-0F6F-47A7-B2D5-823CA9B1355E}
		{432776E7-522F-4BBE-9F67-FEB62C8F9C73} = {451D460F-0F6F-47A7-B2D5-823CA9B1355E}
		{07230D4C-40B2-47B6-81B1-EDC353C49197} = {451D460F-0F6F-47A7-B2D5-823CA9B1355E}
		{0966BC18-AB20-4429-9FF9-1C431426DB6F} = {2C886593-2323-446B-8E73-E0EDC6F57697}
		{0A105345-7B25-4F56-B257-17C81AD0345E} = {2C886593-2323-446B-8E73-E0EDC6F57697}
		{AEA79ACD-71B8-4FB0-B964-1A8841A0E306} = {2C886593-2323-446B-8E73-E0EDC6F57697}
		{9E709578-A7DA-402C-B803-D1DD5BB011C7} = {69D4EBDC-C57B-4368-8BCF-11427B8B229C}
		{A8C180BB-C1FF-413F-B24D-E7BFC96279E2} = {2C886593-2323-446B-8E73-E0EDC6F57697}
	EndGlobalSection
	GlobalSection(ProjectConfigurationPlatforms) = postSolution
		{69E4859B-69A3-497C-8A24-A152728673AD}.Debug|Any CPU.ActiveCfg = Debug|Any CPU
		{69E4859B-69A3-497C-8A24-A152728673AD}.Debug|Any CPU.Build.0 = Debug|Any CPU
		{69E4859B-69A3-497C-8A24-A152728673AD}.Debug|x64.ActiveCfg = Debug|Any CPU
		{69E4859B-69A3-497C-8A24-A152728673AD}.Debug|x64.Build.0 = Debug|Any CPU
		{69E4859B-69A3-497C-8A24-A152728673AD}.Debug|x86.ActiveCfg = Debug|Any CPU
		{69E4859B-69A3-497C-8A24-A152728673AD}.Debug|x86.Build.0 = Debug|Any CPU
		{69E4859B-69A3-497C-8A24-A152728673AD}.Release|Any CPU.ActiveCfg = Release|Any CPU
		{69E4859B-69A3-497C-8A24-A152728673AD}.Release|Any CPU.Build.0 = Release|Any CPU
		{69E4859B-69A3-497C-8A24-A152728673AD}.Release|x64.ActiveCfg = Release|Any CPU
		{69E4859B-69A3-497C-8A24-A152728673AD}.Release|x64.Build.0 = Release|Any CPU
		{69E4859B-69A3-497C-8A24-A152728673AD}.Release|x86.ActiveCfg = Release|Any CPU
		{69E4859B-69A3-497C-8A24-A152728673AD}.Release|x86.Build.0 = Release|Any CPU
		{E930A1CB-3C08-478F-B8CA-9D26C39FB886}.Debug|Any CPU.ActiveCfg = Debug|Any CPU
		{E930A1CB-3C08-478F-B8CA-9D26C39FB886}.Debug|Any CPU.Build.0 = Debug|Any CPU
		{E930A1CB-3C08-478F-B8CA-9D26C39FB886}.Debug|x64.ActiveCfg = Debug|Any CPU
		{E930A1CB-3C08-478F-B8CA-9D26C39FB886}.Debug|x64.Build.0 = Debug|Any CPU
		{E930A1CB-3C08-478F-B8CA-9D26C39FB886}.Debug|x86.ActiveCfg = Debug|Any CPU
		{E930A1CB-3C08-478F-B8CA-9D26C39FB886}.Debug|x86.Build.0 = Debug|Any CPU
		{E930A1CB-3C08-478F-B8CA-9D26C39FB886}.Release|Any CPU.ActiveCfg = Release|Any CPU
		{E930A1CB-3C08-478F-B8CA-9D26C39FB886}.Release|Any CPU.Build.0 = Release|Any CPU
		{E930A1CB-3C08-478F-B8CA-9D26C39FB886}.Release|x64.ActiveCfg = Release|Any CPU
		{E930A1CB-3C08-478F-B8CA-9D26C39FB886}.Release|x64.Build.0 = Release|Any CPU
		{E930A1CB-3C08-478F-B8CA-9D26C39FB886}.Release|x86.ActiveCfg = Release|Any CPU
		{E930A1CB-3C08-478F-B8CA-9D26C39FB886}.Release|x86.Build.0 = Release|Any CPU
		{F572E25B-3A24-45A1-8586-75F8205B1EE3}.Debug|Any CPU.ActiveCfg = Debug|Any CPU
		{F572E25B-3A24-45A1-8586-75F8205B1EE3}.Debug|Any CPU.Build.0 = Debug|Any CPU
		{F572E25B-3A24-45A1-8586-75F8205B1EE3}.Debug|x64.ActiveCfg = Debug|Any CPU
		{F572E25B-3A24-45A1-8586-75F8205B1EE3}.Debug|x64.Build.0 = Debug|Any CPU
		{F572E25B-3A24-45A1-8586-75F8205B1EE3}.Debug|x86.ActiveCfg = Debug|Any CPU
		{F572E25B-3A24-45A1-8586-75F8205B1EE3}.Debug|x86.Build.0 = Debug|Any CPU
		{F572E25B-3A24-45A1-8586-75F8205B1EE3}.Release|Any CPU.ActiveCfg = Release|Any CPU
		{F572E25B-3A24-45A1-8586-75F8205B1EE3}.Release|Any CPU.Build.0 = Release|Any CPU
		{F572E25B-3A24-45A1-8586-75F8205B1EE3}.Release|x64.ActiveCfg = Release|Any CPU
		{F572E25B-3A24-45A1-8586-75F8205B1EE3}.Release|x64.Build.0 = Release|Any CPU
		{F572E25B-3A24-45A1-8586-75F8205B1EE3}.Release|x86.ActiveCfg = Release|Any CPU
		{F572E25B-3A24-45A1-8586-75F8205B1EE3}.Release|x86.Build.0 = Release|Any CPU
		{A3C1CEAD-A5B0-4B7C-88C5-4B0B31B5BFA0}.Debug|Any CPU.ActiveCfg = Debug|Any CPU
		{A3C1CEAD-A5B0-4B7C-88C5-4B0B31B5BFA0}.Debug|Any CPU.Build.0 = Debug|Any CPU
		{A3C1CEAD-A5B0-4B7C-88C5-4B0B31B5BFA0}.Debug|x64.ActiveCfg = Debug|Any CPU
		{A3C1CEAD-A5B0-4B7C-88C5-4B0B31B5BFA0}.Debug|x64.Build.0 = Debug|Any CPU
		{A3C1CEAD-A5B0-4B7C-88C5-4B0B31B5BFA0}.Debug|x86.ActiveCfg = Debug|Any CPU
		{A3C1CEAD-A5B0-4B7C-88C5-4B0B31B5BFA0}.Debug|x86.Build.0 = Debug|Any CPU
		{A3C1CEAD-A5B0-4B7C-88C5-4B0B31B5BFA0}.Release|Any CPU.ActiveCfg = Release|Any CPU
		{A3C1CEAD-A5B0-4B7C-88C5-4B0B31B5BFA0}.Release|Any CPU.Build.0 = Release|Any CPU
		{A3C1CEAD-A5B0-4B7C-88C5-4B0B31B5BFA0}.Release|x64.ActiveCfg = Release|Any CPU
		{A3C1CEAD-A5B0-4B7C-88C5-4B0B31B5BFA0}.Release|x64.Build.0 = Release|Any CPU
		{A3C1CEAD-A5B0-4B7C-88C5-4B0B31B5BFA0}.Release|x86.ActiveCfg = Release|Any CPU
		{A3C1CEAD-A5B0-4B7C-88C5-4B0B31B5BFA0}.Release|x86.Build.0 = Release|Any CPU
		{7F012458-8E43-4B6E-9D01-6B19417627C8}.Debug|Any CPU.ActiveCfg = Debug|Any CPU
		{7F012458-8E43-4B6E-9D01-6B19417627C8}.Debug|Any CPU.Build.0 = Debug|Any CPU
		{7F012458-8E43-4B6E-9D01-6B19417627C8}.Debug|x64.ActiveCfg = Debug|Any CPU
		{7F012458-8E43-4B6E-9D01-6B19417627C8}.Debug|x64.Build.0 = Debug|Any CPU
		{7F012458-8E43-4B6E-9D01-6B19417627C8}.Debug|x86.ActiveCfg = Debug|Any CPU
		{7F012458-8E43-4B6E-9D01-6B19417627C8}.Debug|x86.Build.0 = Debug|Any CPU
		{7F012458-8E43-4B6E-9D01-6B19417627C8}.Release|Any CPU.ActiveCfg = Release|Any CPU
		{7F012458-8E43-4B6E-9D01-6B19417627C8}.Release|Any CPU.Build.0 = Release|Any CPU
		{7F012458-8E43-4B6E-9D01-6B19417627C8}.Release|x64.ActiveCfg = Release|Any CPU
		{7F012458-8E43-4B6E-9D01-6B19417627C8}.Release|x64.Build.0 = Release|Any CPU
		{7F012458-8E43-4B6E-9D01-6B19417627C8}.Release|x86.ActiveCfg = Release|Any CPU
		{7F012458-8E43-4B6E-9D01-6B19417627C8}.Release|x86.Build.0 = Release|Any CPU
		{6A283B62-F0CD-4D10-900C-32650222D063}.Debug|Any CPU.ActiveCfg = Debug|Any CPU
		{6A283B62-F0CD-4D10-900C-32650222D063}.Debug|Any CPU.Build.0 = Debug|Any CPU
		{6A283B62-F0CD-4D10-900C-32650222D063}.Debug|x64.ActiveCfg = Debug|Any CPU
		{6A283B62-F0CD-4D10-900C-32650222D063}.Debug|x64.Build.0 = Debug|Any CPU
		{6A283B62-F0CD-4D10-900C-32650222D063}.Debug|x86.ActiveCfg = Debug|Any CPU
		{6A283B62-F0CD-4D10-900C-32650222D063}.Debug|x86.Build.0 = Debug|Any CPU
		{6A283B62-F0CD-4D10-900C-32650222D063}.Release|Any CPU.ActiveCfg = Release|Any CPU
		{6A283B62-F0CD-4D10-900C-32650222D063}.Release|Any CPU.Build.0 = Release|Any CPU
		{6A283B62-F0CD-4D10-900C-32650222D063}.Release|x64.ActiveCfg = Release|Any CPU
		{6A283B62-F0CD-4D10-900C-32650222D063}.Release|x64.Build.0 = Release|Any CPU
		{6A283B62-F0CD-4D10-900C-32650222D063}.Release|x86.ActiveCfg = Release|Any CPU
		{6A283B62-F0CD-4D10-900C-32650222D063}.Release|x86.Build.0 = Release|Any CPU
		{D438567E-2D8F-4CAB-8F3A-8E704B4FF1C5}.Debug|Any CPU.ActiveCfg = Debug|Any CPU
		{D438567E-2D8F-4CAB-8F3A-8E704B4FF1C5}.Debug|Any CPU.Build.0 = Debug|Any CPU
		{D438567E-2D8F-4CAB-8F3A-8E704B4FF1C5}.Debug|x64.ActiveCfg = Debug|Any CPU
		{D438567E-2D8F-4CAB-8F3A-8E704B4FF1C5}.Debug|x64.Build.0 = Debug|Any CPU
		{D438567E-2D8F-4CAB-8F3A-8E704B4FF1C5}.Debug|x86.ActiveCfg = Debug|Any CPU
		{D438567E-2D8F-4CAB-8F3A-8E704B4FF1C5}.Debug|x86.Build.0 = Debug|Any CPU
		{D438567E-2D8F-4CAB-8F3A-8E704B4FF1C5}.Release|Any CPU.ActiveCfg = Release|Any CPU
		{D438567E-2D8F-4CAB-8F3A-8E704B4FF1C5}.Release|Any CPU.Build.0 = Release|Any CPU
		{D438567E-2D8F-4CAB-8F3A-8E704B4FF1C5}.Release|x64.ActiveCfg = Release|Any CPU
		{D438567E-2D8F-4CAB-8F3A-8E704B4FF1C5}.Release|x64.Build.0 = Release|Any CPU
		{D438567E-2D8F-4CAB-8F3A-8E704B4FF1C5}.Release|x86.ActiveCfg = Release|Any CPU
		{D438567E-2D8F-4CAB-8F3A-8E704B4FF1C5}.Release|x86.Build.0 = Release|Any CPU
		{04F98D21-A5DA-4BAE-97E8-570F97E53D8D}.Debug|Any CPU.ActiveCfg = Debug|Any CPU
		{04F98D21-A5DA-4BAE-97E8-570F97E53D8D}.Debug|Any CPU.Build.0 = Debug|Any CPU
		{04F98D21-A5DA-4BAE-97E8-570F97E53D8D}.Debug|x64.ActiveCfg = Debug|Any CPU
		{04F98D21-A5DA-4BAE-97E8-570F97E53D8D}.Debug|x64.Build.0 = Debug|Any CPU
		{04F98D21-A5DA-4BAE-97E8-570F97E53D8D}.Debug|x86.ActiveCfg = Debug|Any CPU
		{04F98D21-A5DA-4BAE-97E8-570F97E53D8D}.Debug|x86.Build.0 = Debug|Any CPU
		{04F98D21-A5DA-4BAE-97E8-570F97E53D8D}.Release|Any CPU.ActiveCfg = Release|Any CPU
		{04F98D21-A5DA-4BAE-97E8-570F97E53D8D}.Release|Any CPU.Build.0 = Release|Any CPU
		{04F98D21-A5DA-4BAE-97E8-570F97E53D8D}.Release|x64.ActiveCfg = Release|Any CPU
		{04F98D21-A5DA-4BAE-97E8-570F97E53D8D}.Release|x64.Build.0 = Release|Any CPU
		{04F98D21-A5DA-4BAE-97E8-570F97E53D8D}.Release|x86.ActiveCfg = Release|Any CPU
		{04F98D21-A5DA-4BAE-97E8-570F97E53D8D}.Release|x86.Build.0 = Release|Any CPU
		{8ECDE789-6A1D-4FC7-A622-68B3F205C97C}.Debug|Any CPU.ActiveCfg = Debug|Any CPU
		{8ECDE789-6A1D-4FC7-A622-68B3F205C97C}.Debug|Any CPU.Build.0 = Debug|Any CPU
		{8ECDE789-6A1D-4FC7-A622-68B3F205C97C}.Debug|x64.ActiveCfg = Debug|Any CPU
		{8ECDE789-6A1D-4FC7-A622-68B3F205C97C}.Debug|x64.Build.0 = Debug|Any CPU
		{8ECDE789-6A1D-4FC7-A622-68B3F205C97C}.Debug|x86.ActiveCfg = Debug|Any CPU
		{8ECDE789-6A1D-4FC7-A622-68B3F205C97C}.Debug|x86.Build.0 = Debug|Any CPU
		{8ECDE789-6A1D-4FC7-A622-68B3F205C97C}.Release|Any CPU.ActiveCfg = Release|Any CPU
		{8ECDE789-6A1D-4FC7-A622-68B3F205C97C}.Release|Any CPU.Build.0 = Release|Any CPU
		{8ECDE789-6A1D-4FC7-A622-68B3F205C97C}.Release|x64.ActiveCfg = Release|Any CPU
		{8ECDE789-6A1D-4FC7-A622-68B3F205C97C}.Release|x64.Build.0 = Release|Any CPU
		{8ECDE789-6A1D-4FC7-A622-68B3F205C97C}.Release|x86.ActiveCfg = Release|Any CPU
		{8ECDE789-6A1D-4FC7-A622-68B3F205C97C}.Release|x86.Build.0 = Release|Any CPU
		{56D3738D-AF9C-4B1D-A0C5-0133D2F92C0F}.Debug|Any CPU.ActiveCfg = Debug|Any CPU
		{56D3738D-AF9C-4B1D-A0C5-0133D2F92C0F}.Debug|Any CPU.Build.0 = Debug|Any CPU
		{56D3738D-AF9C-4B1D-A0C5-0133D2F92C0F}.Debug|x64.ActiveCfg = Debug|Any CPU
		{56D3738D-AF9C-4B1D-A0C5-0133D2F92C0F}.Debug|x64.Build.0 = Debug|Any CPU
		{56D3738D-AF9C-4B1D-A0C5-0133D2F92C0F}.Debug|x86.ActiveCfg = Debug|Any CPU
		{56D3738D-AF9C-4B1D-A0C5-0133D2F92C0F}.Debug|x86.Build.0 = Debug|Any CPU
		{56D3738D-AF9C-4B1D-A0C5-0133D2F92C0F}.Release|Any CPU.ActiveCfg = Release|Any CPU
		{56D3738D-AF9C-4B1D-A0C5-0133D2F92C0F}.Release|Any CPU.Build.0 = Release|Any CPU
		{56D3738D-AF9C-4B1D-A0C5-0133D2F92C0F}.Release|x64.ActiveCfg = Release|Any CPU
		{56D3738D-AF9C-4B1D-A0C5-0133D2F92C0F}.Release|x64.Build.0 = Release|Any CPU
		{56D3738D-AF9C-4B1D-A0C5-0133D2F92C0F}.Release|x86.ActiveCfg = Release|Any CPU
		{56D3738D-AF9C-4B1D-A0C5-0133D2F92C0F}.Release|x86.Build.0 = Release|Any CPU
		{432776E7-522F-4BBE-9F67-FEB62C8F9C73}.Debug|Any CPU.ActiveCfg = Debug|Any CPU
		{432776E7-522F-4BBE-9F67-FEB62C8F9C73}.Debug|Any CPU.Build.0 = Debug|Any CPU
		{432776E7-522F-4BBE-9F67-FEB62C8F9C73}.Debug|x64.ActiveCfg = Debug|Any CPU
		{432776E7-522F-4BBE-9F67-FEB62C8F9C73}.Debug|x64.Build.0 = Debug|Any CPU
		{432776E7-522F-4BBE-9F67-FEB62C8F9C73}.Debug|x86.ActiveCfg = Debug|Any CPU
		{432776E7-522F-4BBE-9F67-FEB62C8F9C73}.Debug|x86.Build.0 = Debug|Any CPU
		{432776E7-522F-4BBE-9F67-FEB62C8F9C73}.Release|Any CPU.ActiveCfg = Release|Any CPU
		{432776E7-522F-4BBE-9F67-FEB62C8F9C73}.Release|Any CPU.Build.0 = Release|Any CPU
		{432776E7-522F-4BBE-9F67-FEB62C8F9C73}.Release|x64.ActiveCfg = Release|Any CPU
		{432776E7-522F-4BBE-9F67-FEB62C8F9C73}.Release|x64.Build.0 = Release|Any CPU
		{432776E7-522F-4BBE-9F67-FEB62C8F9C73}.Release|x86.ActiveCfg = Release|Any CPU
		{432776E7-522F-4BBE-9F67-FEB62C8F9C73}.Release|x86.Build.0 = Release|Any CPU
		{07230D4C-40B2-47B6-81B1-EDC353C49197}.Debug|Any CPU.ActiveCfg = Debug|Any CPU
		{07230D4C-40B2-47B6-81B1-EDC353C49197}.Debug|Any CPU.Build.0 = Debug|Any CPU
		{07230D4C-40B2-47B6-81B1-EDC353C49197}.Debug|x64.ActiveCfg = Debug|Any CPU
		{07230D4C-40B2-47B6-81B1-EDC353C49197}.Debug|x64.Build.0 = Debug|Any CPU
		{07230D4C-40B2-47B6-81B1-EDC353C49197}.Debug|x86.ActiveCfg = Debug|Any CPU
		{07230D4C-40B2-47B6-81B1-EDC353C49197}.Debug|x86.Build.0 = Debug|Any CPU
		{07230D4C-40B2-47B6-81B1-EDC353C49197}.Release|Any CPU.ActiveCfg = Release|Any CPU
		{07230D4C-40B2-47B6-81B1-EDC353C49197}.Release|Any CPU.Build.0 = Release|Any CPU
		{07230D4C-40B2-47B6-81B1-EDC353C49197}.Release|x64.ActiveCfg = Release|Any CPU
		{07230D4C-40B2-47B6-81B1-EDC353C49197}.Release|x64.Build.0 = Release|Any CPU
		{07230D4C-40B2-47B6-81B1-EDC353C49197}.Release|x86.ActiveCfg = Release|Any CPU
		{07230D4C-40B2-47B6-81B1-EDC353C49197}.Release|x86.Build.0 = Release|Any CPU
		{0966BC18-AB20-4429-9FF9-1C431426DB6F}.Debug|Any CPU.ActiveCfg = Debug|Any CPU
		{0966BC18-AB20-4429-9FF9-1C431426DB6F}.Debug|Any CPU.Build.0 = Debug|Any CPU
		{0966BC18-AB20-4429-9FF9-1C431426DB6F}.Debug|x64.ActiveCfg = Debug|Any CPU
		{0966BC18-AB20-4429-9FF9-1C431426DB6F}.Debug|x64.Build.0 = Debug|Any CPU
		{0966BC18-AB20-4429-9FF9-1C431426DB6F}.Debug|x86.ActiveCfg = Debug|Any CPU
		{0966BC18-AB20-4429-9FF9-1C431426DB6F}.Debug|x86.Build.0 = Debug|Any CPU
		{0966BC18-AB20-4429-9FF9-1C431426DB6F}.Release|Any CPU.ActiveCfg = Release|Any CPU
		{0966BC18-AB20-4429-9FF9-1C431426DB6F}.Release|Any CPU.Build.0 = Release|Any CPU
		{0966BC18-AB20-4429-9FF9-1C431426DB6F}.Release|x64.ActiveCfg = Release|Any CPU
		{0966BC18-AB20-4429-9FF9-1C431426DB6F}.Release|x64.Build.0 = Release|Any CPU
		{0966BC18-AB20-4429-9FF9-1C431426DB6F}.Release|x86.ActiveCfg = Release|Any CPU
		{0966BC18-AB20-4429-9FF9-1C431426DB6F}.Release|x86.Build.0 = Release|Any CPU
		{0A105345-7B25-4F56-B257-17C81AD0345E}.Debug|Any CPU.ActiveCfg = Debug|Any CPU
		{0A105345-7B25-4F56-B257-17C81AD0345E}.Debug|Any CPU.Build.0 = Debug|Any CPU
		{0A105345-7B25-4F56-B257-17C81AD0345E}.Debug|x64.ActiveCfg = Debug|Any CPU
		{0A105345-7B25-4F56-B257-17C81AD0345E}.Debug|x64.Build.0 = Debug|Any CPU
		{0A105345-7B25-4F56-B257-17C81AD0345E}.Debug|x86.ActiveCfg = Debug|Any CPU
		{0A105345-7B25-4F56-B257-17C81AD0345E}.Debug|x86.Build.0 = Debug|Any CPU
		{0A105345-7B25-4F56-B257-17C81AD0345E}.Release|Any CPU.ActiveCfg = Release|Any CPU
		{0A105345-7B25-4F56-B257-17C81AD0345E}.Release|Any CPU.Build.0 = Release|Any CPU
		{0A105345-7B25-4F56-B257-17C81AD0345E}.Release|x64.ActiveCfg = Release|Any CPU
		{0A105345-7B25-4F56-B257-17C81AD0345E}.Release|x64.Build.0 = Release|Any CPU
		{0A105345-7B25-4F56-B257-17C81AD0345E}.Release|x86.ActiveCfg = Release|Any CPU
		{0A105345-7B25-4F56-B257-17C81AD0345E}.Release|x86.Build.0 = Release|Any CPU
		{AEA79ACD-71B8-4FB0-B964-1A8841A0E306}.Debug|Any CPU.ActiveCfg = Debug|Any CPU
		{AEA79ACD-71B8-4FB0-B964-1A8841A0E306}.Debug|Any CPU.Build.0 = Debug|Any CPU
		{AEA79ACD-71B8-4FB0-B964-1A8841A0E306}.Debug|x64.ActiveCfg = Debug|Any CPU
		{AEA79ACD-71B8-4FB0-B964-1A8841A0E306}.Debug|x64.Build.0 = Debug|Any CPU
		{AEA79ACD-71B8-4FB0-B964-1A8841A0E306}.Debug|x86.ActiveCfg = Debug|Any CPU
		{AEA79ACD-71B8-4FB0-B964-1A8841A0E306}.Debug|x86.Build.0 = Debug|Any CPU
		{AEA79ACD-71B8-4FB0-B964-1A8841A0E306}.Release|Any CPU.ActiveCfg = Release|Any CPU
		{AEA79ACD-71B8-4FB0-B964-1A8841A0E306}.Release|Any CPU.Build.0 = Release|Any CPU
		{AEA79ACD-71B8-4FB0-B964-1A8841A0E306}.Release|x64.ActiveCfg = Release|Any CPU
		{AEA79ACD-71B8-4FB0-B964-1A8841A0E306}.Release|x64.Build.0 = Release|Any CPU
		{AEA79ACD-71B8-4FB0-B964-1A8841A0E306}.Release|x86.ActiveCfg = Release|Any CPU
		{AEA79ACD-71B8-4FB0-B964-1A8841A0E306}.Release|x86.Build.0 = Release|Any CPU
		{9E709578-A7DA-402C-B803-D1DD5BB011C7}.Debug|Any CPU.ActiveCfg = Debug|Any CPU
		{9E709578-A7DA-402C-B803-D1DD5BB011C7}.Debug|Any CPU.Build.0 = Debug|Any CPU
		{9E709578-A7DA-402C-B803-D1DD5BB011C7}.Debug|x64.ActiveCfg = Debug|Any CPU
		{9E709578-A7DA-402C-B803-D1DD5BB011C7}.Debug|x64.Build.0 = Debug|Any CPU
		{9E709578-A7DA-402C-B803-D1DD5BB011C7}.Debug|x86.ActiveCfg = Debug|Any CPU
		{9E709578-A7DA-402C-B803-D1DD5BB011C7}.Debug|x86.Build.0 = Debug|Any CPU
		{9E709578-A7DA-402C-B803-D1DD5BB011C7}.Release|Any CPU.ActiveCfg = Release|Any CPU
		{9E709578-A7DA-402C-B803-D1DD5BB011C7}.Release|Any CPU.Build.0 = Release|Any CPU
		{9E709578-A7DA-402C-B803-D1DD5BB011C7}.Release|x64.ActiveCfg = Release|Any CPU
		{9E709578-A7DA-402C-B803-D1DD5BB011C7}.Release|x64.Build.0 = Release|Any CPU
		{9E709578-A7DA-402C-B803-D1DD5BB011C7}.Release|x86.ActiveCfg = Release|Any CPU
		{9E709578-A7DA-402C-B803-D1DD5BB011C7}.Release|x86.Build.0 = Release|Any CPU
		{A8C180BB-C1FF-413F-B24D-E7BFC96279E2}.Debug|Any CPU.ActiveCfg = Debug|Any CPU
		{A8C180BB-C1FF-413F-B24D-E7BFC96279E2}.Debug|Any CPU.Build.0 = Debug|Any CPU
		{A8C180BB-C1FF-413F-B24D-E7BFC96279E2}.Debug|x64.ActiveCfg = Debug|Any CPU
		{A8C180BB-C1FF-413F-B24D-E7BFC96279E2}.Debug|x64.Build.0 = Debug|Any CPU
		{A8C180BB-C1FF-413F-B24D-E7BFC96279E2}.Debug|x86.ActiveCfg = Debug|Any CPU
		{A8C180BB-C1FF-413F-B24D-E7BFC96279E2}.Debug|x86.Build.0 = Debug|Any CPU
		{A8C180BB-C1FF-413F-B24D-E7BFC96279E2}.Release|Any CPU.ActiveCfg = Release|Any CPU
		{A8C180BB-C1FF-413F-B24D-E7BFC96279E2}.Release|Any CPU.Build.0 = Release|Any CPU
		{A8C180BB-C1FF-413F-B24D-E7BFC96279E2}.Release|x64.ActiveCfg = Release|Any CPU
		{A8C180BB-C1FF-413F-B24D-E7BFC96279E2}.Release|x64.Build.0 = Release|Any CPU
		{A8C180BB-C1FF-413F-B24D-E7BFC96279E2}.Release|x86.ActiveCfg = Release|Any CPU
		{A8C180BB-C1FF-413F-B24D-E7BFC96279E2}.Release|x86.Build.0 = Release|Any CPU
	EndGlobalSection
EndGlobal
